<Solution>
  <Configurations>
    <BuildType Name="Debug" />
    <BuildType Name="Debug (To Zip)" />
    <BuildType Name="Release" />
  </Configurations>
  <Project Path="TheCelesteTracker_ManualTesting/TheCelesteTracker_ManualTesting.csproj">
    <BuildType Solution="Debug (To Zip)|*" Project="Debug" />
  </Project>
  <Project Path="TheCelesteTracker_Mod/TheCelesteTracker_Mod.csproj" />
</Solution>
